
Microsoft Visual Studio Solution File, Format Version 12.00
# Visual Studio Version 16
VisualStudioVersion = 16.0.34301.259
MinimumVisualStudioVersion = 10.0.40219.1
Project("{FAE04EC0-301F-11D3-BF4B-00C04F79EFBC}") = "Abschreibung", "Abschreibung\Abschreibung.csproj", "{C4436EE7-0239-460A-94EF-8995AD5EB637}"
EndProject
Global
	GlobalSection(SolutionConfigurationPlatforms) = preSolution
		Debug|Any CPU = Debug|Any CPU
		Release|Any CPU = Release|Any CPU
	EndGlobalSection
	GlobalSection(ProjectConfigurationPlatforms) = postSolution
		{C4436EE7-0239-460A-94EF-8995AD5EB637}.Debug|Any CPU.ActiveCfg = Debug|Any CPU
		{C4436EE7-0239-460A-94EF-8995AD5EB637}.Debug|Any CPU.Build.0 = Debug|Any CPU
		{C4436EE7-0239-460A-94EF-8995AD5EB637}.Release|Any CPU.ActiveCfg = Release|Any CPU
		{C4436EE7-0239-460A-94EF-8995AD5EB637}.Release|Any CPU.Build.0 = Release|Any CPU
	EndGlobalSection
	GlobalSection(SolutionProperties) = preSolution
		HideSolutionNode = FALSE
	EndGlobalSection
	GlobalSection(ExtensibilityGlobals) = postSolution
		SolutionGuid = {B3CBFEA1-A825-4B33-BB55-FD57CB8C57CC}
	EndGlobalSection
EndGlobal
