
Microsoft Visual Studio Solution File, Format Version 12.00
# Visual Studio Version 17
VisualStudioVersion = 17.8.34322.80
MinimumVisualStudioVersion = 10.0.40219.1
Project("{FAE04EC0-301F-11D3-BF4B-00C04F79EFBC}") = "Uebung_Schaltjahr_JG", "Uebung_Schaltjahr_JG\Uebung_Schaltjahr_JG.csproj", "{8616B925-D69C-476E-87E9-A40839D9E2BE}"
EndProject
Global
	GlobalSection(SolutionConfigurationPlatforms) = preSolution
		Debug|Any CPU = Debug|Any CPU
		Release|Any CPU = Release|Any CPU
	EndGlobalSection
	GlobalSection(ProjectConfigurationPlatforms) = postSolution
		{8616B925-D69C-476E-87E9-A40839D9E2BE}.Debug|Any CPU.ActiveCfg = Debug|Any CPU
		{8616B925-D69C-476E-87E9-A40839D9E2BE}.Debug|Any CPU.Build.0 = Debug|Any CPU
		{8616B925-D69C-476E-87E9-A40839D9E2BE}.Release|Any CPU.ActiveCfg = Release|Any CPU
		{8616B925-D69C-476E-87E9-A40839D9E2BE}.Release|Any CPU.Build.0 = Release|Any CPU
	EndGlobalSection
	GlobalSection(SolutionProperties) = preSolution
		HideSolutionNode = FALSE
	EndGlobalSection
	GlobalSection(ExtensibilityGlobals) = postSolution
		SolutionGuid = {5B7C9FE2-4EB1-4897-8F6A-E98D14DFF67C}
	EndGlobalSection
EndGlobal
