
Microsoft Visual Studio Solution File, Format Version 12.00
# Visual Studio Version 17
VisualStudioVersion = 17.8.34330.188
MinimumVisualStudioVersion = 10.0.40219.1
Project("{FAE04EC0-301F-11D3-BF4B-00C04F79EFBC}") = "Telefonarten", "Telefonarten\Telefonarten.csproj", "{10B8CB76-9B58-45A8-B2B4-0F6AB9A3838A}"
EndProject
Global
	GlobalSection(SolutionConfigurationPlatforms) = preSolution
		Debug|Any CPU = Debug|Any CPU
		Release|Any CPU = Release|Any CPU
	EndGlobalSection
	GlobalSection(ProjectConfigurationPlatforms) = postSolution
		{10B8CB76-9B58-45A8-B2B4-0F6AB9A3838A}.Debug|Any CPU.ActiveCfg = Debug|Any CPU
		{10B8CB76-9B58-45A8-B2B4-0F6AB9A3838A}.Debug|Any CPU.Build.0 = Debug|Any CPU
		{10B8CB76-9B58-45A8-B2B4-0F6AB9A3838A}.Release|Any CPU.ActiveCfg = Release|Any CPU
		{10B8CB76-9B58-45A8-B2B4-0F6AB9A3838A}.Release|Any CPU.Build.0 = Release|Any CPU
	EndGlobalSection
	GlobalSection(SolutionProperties) = preSolution
		HideSolutionNode = FALSE
	EndGlobalSection
	GlobalSection(ExtensibilityGlobals) = postSolution
		SolutionGuid = {8B5BA377-585D-4FB8-A310-9B6E496AEA23}
	EndGlobalSection
EndGlobal
