
Microsoft Visual Studio Solution File, Format Version 12.00
# Visual Studio Version 16
VisualStudioVersion = 16.0.30611.23
MinimumVisualStudioVersion = 10.0.40219.1
Project("{FAE04EC0-301F-11D3-BF4B-00C04F79EFBC}") = "Mehrdimensional 1", "Mehrdimensional 1\Mehrdimensional 1.csproj", "{CAF5F516-BFBD-4B99-8B33-B89F17E1DEF3}"
EndProject
Global
	GlobalSection(SolutionConfigurationPlatforms) = preSolution
		Debug|Any CPU = Debug|Any CPU
		Release|Any CPU = Release|Any CPU
	EndGlobalSection
	GlobalSection(ProjectConfigurationPlatforms) = postSolution
		{CAF5F516-BFBD-4B99-8B33-B89F17E1DEF3}.Debug|Any CPU.ActiveCfg = Debug|Any CPU
		{CAF5F516-BFBD-4B99-8B33-B89F17E1DEF3}.Debug|Any CPU.Build.0 = Debug|Any CPU
		{CAF5F516-BFBD-4B99-8B33-B89F17E1DEF3}.Release|Any CPU.ActiveCfg = Release|Any CPU
		{CAF5F516-BFBD-4B99-8B33-B89F17E1DEF3}.Release|Any CPU.Build.0 = Release|Any CPU
	EndGlobalSection
	GlobalSection(SolutionProperties) = preSolution
		HideSolutionNode = FALSE
	EndGlobalSection
	GlobalSection(ExtensibilityGlobals) = postSolution
		SolutionGuid = {FF13ECB3-1F22-4443-B9E8-67863DF17844}
	EndGlobalSection
EndGlobal
