
Microsoft Visual Studio Solution File, Format Version 12.00
# Visual Studio Version 16
VisualStudioVersion = 16.0.30523.141
MinimumVisualStudioVersion = 10.0.40219.1
Project("{FAE04EC0-301F-11D3-BF4B-00C04F79EFBC}") = "Lotto", "Lotto\Lotto.csproj", "{C08B0E88-F48B-4E3A-A7B6-D4C8B3C364E3}"
EndProject
Global
	GlobalSection(SolutionConfigurationPlatforms) = preSolution
		Debug|Any CPU = Debug|Any CPU
		Release|Any CPU = Release|Any CPU
	EndGlobalSection
	GlobalSection(ProjectConfigurationPlatforms) = postSolution
		{C08B0E88-F48B-4E3A-A7B6-D4C8B3C364E3}.Debug|Any CPU.ActiveCfg = Debug|Any CPU
		{C08B0E88-F48B-4E3A-A7B6-D4C8B3C364E3}.Debug|Any CPU.Build.0 = Debug|Any CPU
		{C08B0E88-F48B-4E3A-A7B6-D4C8B3C364E3}.Release|Any CPU.ActiveCfg = Release|Any CPU
		{C08B0E88-F48B-4E3A-A7B6-D4C8B3C364E3}.Release|Any CPU.Build.0 = Release|Any CPU
	EndGlobalSection
	GlobalSection(SolutionProperties) = preSolution
		HideSolutionNode = FALSE
	EndGlobalSection
	GlobalSection(ExtensibilityGlobals) = postSolution
		SolutionGuid = {7F853541-FD3E-46BC-B13F-851170A23E5A}
	EndGlobalSection
EndGlobal
