
Microsoft Visual Studio Solution File, Format Version 12.00
# Visual Studio Version 17
VisualStudioVersion = 17.8.34330.188
MinimumVisualStudioVersion = 10.0.40219.1
Project("{FAE04EC0-301F-11D3-BF4B-00C04F79EFBC}") = "ggt", "ggt\ggt.csproj", "{1250A932-A60B-490D-AC5F-C596865D028A}"
EndProject
Global
	GlobalSection(SolutionConfigurationPlatforms) = preSolution
		Debug|Any CPU = Debug|Any CPU
		Release|Any CPU = Release|Any CPU
	EndGlobalSection
	GlobalSection(ProjectConfigurationPlatforms) = postSolution
		{1250A932-A60B-490D-AC5F-C596865D028A}.Debug|Any CPU.ActiveCfg = Debug|Any CPU
		{1250A932-A60B-490D-AC5F-C596865D028A}.Debug|Any CPU.Build.0 = Debug|Any CPU
		{1250A932-A60B-490D-AC5F-C596865D028A}.Release|Any CPU.ActiveCfg = Release|Any CPU
		{1250A932-A60B-490D-AC5F-C596865D028A}.Release|Any CPU.Build.0 = Release|Any CPU
	EndGlobalSection
	GlobalSection(SolutionProperties) = preSolution
		HideSolutionNode = FALSE
	EndGlobalSection
	GlobalSection(ExtensibilityGlobals) = postSolution
		SolutionGuid = {603792C2-4272-480A-B712-D409549C24C3}
	EndGlobalSection
EndGlobal
