
Microsoft Visual Studio Solution File, Format Version 12.00
# Visual Studio Version 16
VisualStudioVersion = 16.0.30523.141
MinimumVisualStudioVersion = 10.0.40219.1
Project("{FAE04EC0-301F-11D3-BF4B-00C04F79EFBC}") = "Caesar", "Caesar\Caesar.csproj", "{47456345-5A7B-40DC-AA2C-10F9E5656A75}"
EndProject
Global
	GlobalSection(SolutionConfigurationPlatforms) = preSolution
		Debug|Any CPU = Debug|Any CPU
		Release|Any CPU = Release|Any CPU
	EndGlobalSection
	GlobalSection(ProjectConfigurationPlatforms) = postSolution
		{47456345-5A7B-40DC-AA2C-10F9E5656A75}.Debug|Any CPU.ActiveCfg = Debug|Any CPU
		{47456345-5A7B-40DC-AA2C-10F9E5656A75}.Debug|Any CPU.Build.0 = Debug|Any CPU
		{47456345-5A7B-40DC-AA2C-10F9E5656A75}.Release|Any CPU.ActiveCfg = Release|Any CPU
		{47456345-5A7B-40DC-AA2C-10F9E5656A75}.Release|Any CPU.Build.0 = Release|Any CPU
	EndGlobalSection
	GlobalSection(SolutionProperties) = preSolution
		HideSolutionNode = FALSE
	EndGlobalSection
	GlobalSection(ExtensibilityGlobals) = postSolution
		SolutionGuid = {B7296B8E-FCA8-4878-9E59-53965D90852A}
	EndGlobalSection
EndGlobal
